// !$*UTF8*$!
{
	archiveVersion = 1;
	classes = {
	};
	objectVersion = 77;
	objects = {

/* Begin PBXBuildFile section */
		D112CA0E2D8A7F1F008FC6CC /* ComposableArchitecture in Frameworks */ = {isa = PBXBuildFile; productRef = D112CA0D2D8A7F1F008FC6CC /* ComposableArchitecture */; };
/* End PBXBuildFile section */

/* Begin PBXContainerItemProxy section */
		D112C9F02D8A7ECC008FC6CC /* PBXContainerItemProxy */ = {
			isa = PBXContainerItemProxy;
			containerPortal = D112C9D72D8A7EC9008FC6CC /* Project object */;
			proxyType = 1;
			remoteGlobalIDString = D112C9DE2D8A7EC9008FC6CC;
			remoteInfo = test_stack;
		};
		D112C9FA2D8A7ECC008FC6CC /* PBXContainerItemProxy */ = {
			isa = PBXContainerItemProxy;
			containerPortal = D112C9D72D8A7EC9008FC6CC /* Project object */;
			proxyType = 1;
			remoteGlobalIDString = D112C9DE2D8A7EC9008FC6CC;
			remoteInfo = test_stack;
		};
/* End PBXContainerItemProxy section */

/* Begin PBXFileReference section */
		D112C9DF2D8A7EC9008FC6CC /* test_stack.app */ = {isa = PBXFileReference; explicitFileType = wrapper.application; includeInIndex = 0; path = test_stack.app; sourceTree = BUILT_PRODUCTS_DIR; };
		D112C9EF2D8A7ECC008FC6CC /* test_stackTests.xctest */ = {isa = PBXFileReference; explicitFileType = wrapper.cfbundle; includeInIndex = 0; path = test_stackTests.xctest; sourceTree = BUILT_PRODUCTS_DIR; };
		D112C9F92D8A7ECC008FC6CC /* test_stackUITests.xctest */ = {isa = PBXFileReference; explicitFileType = wrapper.cfbundle; includeInIndex = 0; path = test_stackUITests.xctest; sourceTree = BUILT_PRODUCTS_DIR; };
/* End PBXFileReference section */

/* Begin PBXFileSystemSynchronizedRootGroup section */
		D112C9E12D8A7EC9008FC6CC /* test_stack */ = {
			isa = PBXFileSystemSynchronizedRootGroup;
			path = test_stack;
			sourceTree = "<group>";
		};
		D112C9F22D8A7ECC008FC6CC /* test_stackTests */ = {
			isa = PBXFileSystemSynchronizedRootGroup;
			path = test_stackTests;
			sourceTree = "<group>";
		};
		D112C9FC2D8A7ECC008FC6CC /* test_stackUITests */ = {
			isa = PBXFileSystemSynchronizedRootGroup;
			path = test_stackUITests;
			sourceTree = "<group>";
		};
/* End PBXFileSystemSynchronizedRootGroup section */

/* Begin PBXFrameworksBuildPhase section */
		D112C9DC2D8A7EC9008FC6CC /* Frameworks */ = {
			isa = PBXFrameworksBuildPhase;
			buildActionMask = 2147483647;
			files = (
				D112CA0E2D8A7F1F008FC6CC /* ComposableArchitecture in Frameworks */,
			);
			runOnlyForDeploymentPostprocessing = 0;
		};
		D112C9EC2D8A7ECC008FC6CC /* Frameworks */ = {
			isa = PBXFrameworksBuildPhase;
			buildActionMask = 2147483647;
			files = (
			);
			runOnlyForDeploymentPostprocessing = 0;
		};
		D112C9F62D8A7ECC008FC6CC /* Frameworks */ = {
			isa = PBXFrameworksBuildPhase;
			buildActionMask = 2147483647;
			files = (
			);
			runOnlyForDeploymentPostprocessing = 0;
		};
/* End PBXFrameworksBuildPhase section */

/* Begin PBXGroup section */
		D112C9D62D8A7EC9008FC6CC = {
			isa = PBXGroup;
			children = (
				D112C9E12D8A7EC9008FC6CC /* test_stack */,
				D112C9F22D8A7ECC008FC6CC /* test_stackTests */,
				D112C9FC2D8A7ECC008FC6CC /* test_stackUITests */,
				D112C9E02D8A7EC9008FC6CC /* Products */,
			);
			sourceTree = "<group>";
		};
		D112C9E02D8A7EC9008FC6CC /* Products */ = {
			isa = PBXGroup;
			children = (
				D112C9DF2D8A7EC9008FC6CC /* test_stack.app */,
				D112C9EF2D8A7ECC008FC6CC /* test_stackTests.xctest */,
				D112C9F92D8A7ECC008FC6CC /* test_stackUITests.xctest */,
			);
			name = Products;
			sourceTree = "<group>";
		};
/* End PBXGroup section */

/* Begin PBXNativeTarget section */
		D112C9DE2D8A7EC9008FC6CC /* test_stack */ = {
			isa = PBXNativeTarget;
			buildConfigurationList = D112CA032D8A7ECC008FC6CC /* Build configuration list for PBXNativeTarget "test_stack" */;
			buildPhases = (
				D112C9DB2D8A7EC9008FC6CC /* Sources */,
				D112C9DC2D8A7EC9008FC6CC /* Frameworks */,
				D112C9DD2D8A7EC9008FC6CC /* Resources */,
			);
			buildRules = (
			);
			dependencies = (
			);
			fileSystemSynchronizedGroups = (
				D112C9E12D8A7EC9008FC6CC /* test_stack */,
			);
			name = test_stack;
			packageProductDependencies = (
				D112CA0D2D8A7F1F008FC6CC /* ComposableArchitecture */,
			);
			productName = test_stack;
			productReference = D112C9DF2D8A7EC9008FC6CC /* test_stack.app */;
			productType = "com.apple.product-type.application";
		};
		D112C9EE2D8A7ECC008FC6CC /* test_stackTests */ = {
			isa = PBXNativeTarget;
			buildConfigurationList = D112CA062D8A7ECC008FC6CC /* Build configuration list for PBXNativeTarget "test_stackTests" */;
			buildPhases = (
				D112C9EB2D8A7ECC008FC6CC /* Sources */,
				D112C9EC2D8A7ECC008FC6CC /* Frameworks */,
				D112C9ED2D8A7ECC008FC6CC /* Resources */,
			);
			buildRules = (
			);
			dependencies = (
				D112C9F12D8A7ECC008FC6CC /* PBXTargetDependency */,
			);
			fileSystemSynchronizedGroups = (
				D112C9F22D8A7ECC008FC6CC /* test_stackTests */,
			);
			name = test_stackTests;
			packageProductDependencies = (
			);
			productName = test_stackTests;
			productReference = D112C9EF2D8A7ECC008FC6CC /* test_stackTests.xctest */;
			productType = "com.apple.product-type.bundle.unit-test";
		};
		D112C9F82D8A7ECC008FC6CC /* test_stackUITests */ = {
			isa = PBXNativeTarget;
			buildConfigurationList = D112CA092D8A7ECC008FC6CC /* Build configuration list for PBXNativeTarget "test_stackUITests" */;
			buildPhases = (
				D112C9F52D8A7ECC008FC6CC /* Sources */,
				D112C9F62D8A7ECC008FC6CC /* Frameworks */,
				D112C9F72D8A7ECC008FC6CC /* Resources */,
			);
			buildRules = (
			);
			dependencies = (
				D112C9FB2D8A7ECC008FC6CC /* PBXTargetDependency */,
			);
			fileSystemSynchronizedGroups = (
				D112C9FC2D8A7ECC008FC6CC /* test_stackUITests */,
			);
			name = test_stackUITests;
			packageProductDependencies = (
			);
			productName = test_stackUITests;
			productReference = D112C9F92D8A7ECC008FC6CC /* test_stackUITests.xctest */;
			productType = "com.apple.product-type.bundle.ui-testing";
		};
/* End PBXNativeTarget section */

/* Begin PBXProject section */
		D112C9D72D8A7EC9008FC6CC /* Project object */ = {
			isa = PBXProject;
			attributes = {
				BuildIndependentTargetsInParallel = 1;
				LastSwiftUpdateCheck = 1620;
				LastUpgradeCheck = 1620;
				TargetAttributes = {
					D112C9DE2D8A7EC9008FC6CC = {
						CreatedOnToolsVersion = 16.2;
					};
					D112C9EE2D8A7ECC008FC6CC = {
						CreatedOnToolsVersion = 16.2;
						TestTargetID = D112C9DE2D8A7EC9008FC6CC;
					};
					D112C9F82D8A7ECC008FC6CC = {
						CreatedOnToolsVersion = 16.2;
						TestTargetID = D112C9DE2D8A7EC9008FC6CC;
					};
				};
			};
			buildConfigurationList = D112C9DA2D8A7EC9008FC6CC /* Build configuration list for PBXProject "test_stack" */;
			developmentRegion = en;
			hasScannedForEncodings = 0;
			knownRegions = (
				en,
				Base,
			);
			mainGroup = D112C9D62D8A7EC9008FC6CC;
			minimizedProjectReferenceProxies = 1;
			packageReferences = (
				D112CA0C2D8A7F1F008FC6CC /* XCRemoteSwiftPackageReference "swift-composable-architecture" */,
			);
			preferredProjectObjectVersion = 77;
			productRefGroup = D112C9E02D8A7EC9008FC6CC /* Products */;
			projectDirPath = "";
			projectRoot = "";
			targets = (
				D112C9DE2D8A7EC9008FC6CC /* test_stack */,
				D112C9EE2D8A7ECC008FC6CC /* test_stackTests */,
				D112C9F82D8A7ECC008FC6CC /* test_stackUITests */,
			);
		};
/* End PBXProject section */

/* Begin PBXResourcesBuildPhase section */
		D112C9DD2D8A7EC9008FC6CC /* Resources */ = {
			isa = PBXResourcesBuildPhase;
			buildActionMask = 2147483647;
			files = (
			);
			runOnlyForDeploymentPostprocessing = 0;
		};
		D112C9ED2D8A7ECC008FC6CC /* Resources */ = {
			isa = PBXResourcesBuildPhase;
			buildActionMask = 2147483647;
			files = (
			);
			runOnlyForDeploymentPostprocessing = 0;
		};
		D112C9F72D8A7ECC008FC6CC /* Resources */ = {
			isa = PBXResourcesBuildPhase;
			buildActionMask = 2147483647;
			files = (
			);
			runOnlyForDeploymentPostprocessing = 0;
		};
/* End PBXResourcesBuildPhase section */

/* Begin PBXSourcesBuildPhase section */
		D112C9DB2D8A7EC9008FC6CC /* Sources */ = {
			isa = PBXSourcesBuildPhase;
			buildActionMask = 2147483647;
			files = (
			);
			runOnlyForDeploymentPostprocessing = 0;
		};
		D112C9EB2D8A7ECC008FC6CC /* Sources */ = {
			isa = PBXSourcesBuildPhase;
			buildActionMask = 2147483647;
			files = (
			);
			runOnlyForDeploymentPostprocessing = 0;
		};
		D112C9F52D8A7ECC008FC6CC /* Sources */ = {
			isa = PBXSourcesBuildPhase;
			buildActionMask = 2147483647;
			files = (
			);
			runOnlyForDeploymentPostprocessing = 0;
		};
/* End PBXSourcesBuildPhase section */

/* Begin PBXTargetDependency section */
		D112C9F12D8A7ECC008FC6CC /* PBXTargetDependency */ = {
			isa = PBXTargetDependency;
			target = D112C9DE2D8A7EC9008FC6CC /* test_stack */;
			targetProxy = D112C9F02D8A7ECC008FC6CC /* PBXContainerItemProxy */;
		};
		D112C9FB2D8A7ECC008FC6CC /* PBXTargetDependency */ = {
			isa = PBXTargetDependency;
			target = D112C9DE2D8A7EC9008FC6CC /* test_stack */;
			targetProxy = D112C9FA2D8A7ECC008FC6CC /* PBXContainerItemProxy */;
		};
/* End PBXTargetDependency section */

/* Begin XCBuildConfiguration section */
		D112CA012D8A7ECC008FC6CC /* Debug */ = {
			isa = XCBuildConfiguration;
			buildSettings = {
				ALWAYS_SEARCH_USER_PATHS = NO;
				ASSETCATALOG_COMPILER_GENERATE_SWIFT_ASSET_SYMBOL_EXTENSIONS = YES;
				CLANG_ANALYZER_NONNULL = YES;
				CLANG_ANALYZER_NUMBER_OBJECT_CONVERSION = YES_AGGRESSIVE;
				CLANG_CXX_LANGUAGE_STANDARD = "gnu++20";
				CLANG_ENABLE_MODULES = YES;
				CLANG_ENABLE_OBJC_ARC = YES;
				CLANG_ENABLE_OBJC_WEAK = YES;
				CLANG_WARN_BLOCK_CAPTURE_AUTORELEASING = YES;
				CLANG_WARN_BOOL_CONVERSION = YES;
				CLANG_WARN_COMMA = YES;
				CLANG_WARN_CONSTANT_CONVERSION = YES;
				CLANG_WARN_DEPRECATED_OBJC_IMPLEMENTATIONS = YES;
				CLANG_WARN_DIRECT_OBJC_ISA_USAGE = YES_ERROR;
				CLANG_WARN_DOCUMENTATION_COMMENTS = YES;
				CLANG_WARN_EMPTY_BODY = YES;
				CLANG_WARN_ENUM_CONVERSION = YES;
				CLANG_WARN_INFINITE_RECURSION = YES;
				CLANG_WARN_INT_CONVERSION = YES;
				CLANG_WARN_NON_LITERAL_NULL_CONVERSION = YES;
				CLANG_WARN_OBJC_IMPLICIT_RETAIN_SELF = YES;
				CLANG_WARN_OBJC_LITERAL_CONVERSION = YES;
				CLANG_WARN_OBJC_ROOT_CLASS = YES_ERROR;
				CLANG_WARN_QUOTED_INCLUDE_IN_FRAMEWORK_HEADER = YES;
				CLANG_WARN_RANGE_LOOP_ANALYSIS = YES;
				CLANG_WARN_STRICT_PROTOTYPES = YES;
				CLANG_WARN_SUSPICIOUS_MOVE = YES;
				CLANG_WARN_UNGUARDED_AVAILABILITY = YES_AGGRESSIVE;
				CLANG_WARN_UNREACHABLE_CODE = YES;
				CLANG_WARN__DUPLICATE_METHOD_MATCH = YES;
				COPY_PHASE_STRIP = NO;
				DEBUG_INFORMATION_FORMAT = dwarf;
				ENABLE_STRICT_OBJC_MSGSEND = YES;
				ENABLE_TESTABILITY = YES;
				ENABLE_USER_SCRIPT_SANDBOXING = YES;
				GCC_C_LANGUAGE_STANDARD = gnu17;
				GCC_DYNAMIC_NO_PIC = NO;
				GCC_NO_COMMON_BLOCKS = YES;
				GCC_OPTIMIZATION_LEVEL = 0;
				GCC_PREPROCESSOR_DEFINITIONS = (
					"DEBUG=1",
					"$(inherited)",
				);
				GCC_WARN_64_TO_32_BIT_CONVERSION = YES;
				GCC_WARN_ABOUT_RETURN_TYPE = YES_ERROR;
				GCC_WARN_UNDECLARED_SELECTOR = YES;
				GCC_WARN_UNINITIALIZED_AUTOS = YES_AGGRESSIVE;
				GCC_WARN_UNUSED_FUNCTION = YES;
				GCC_WARN_UNUSED_VARIABLE = YES;
				IPHONEOS_DEPLOYMENT_TARGET = 18.2;
				LOCALIZATION_PREFERS_STRING_CATALOGS = YES;
				MTL_ENABLE_DEBUG_INFO = INCLUDE_SOURCE;
				MTL_FAST_MATH = YES;
				ONLY_ACTIVE_ARCH = YES;
				SDKROOT = iphoneos;
				SWIFT_ACTIVE_COMPILATION_CONDITIONS = "DEBUG $(inherited)";
				SWIFT_OPTIMIZATION_LEVEL = "-Onone";
			};
			name = Debug;
		};
		D112CA022D8A7ECC008FC6CC /* Release */ = {
			isa = XCBuildConfiguration;
			buildSettings = {
				ALWAYS_SEARCH_USER_PATHS = NO;
				ASSETCATALOG_COMPILER_GENERATE_SWIFT_ASSET_SYMBOL_EXTENSIONS = YES;
				CLANG_ANALYZER_NONNULL = YES;
				CLANG_ANALYZER_NUMBER_OBJECT_CONVERSION = YES_AGGRESSIVE;
				CLANG_CXX_LANGUAGE_STANDARD = "gnu++20";
				CLANG_ENABLE_MODULES = YES;
				CLANG_ENABLE_OBJC_ARC = YES;
				CLANG_ENABLE_OBJC_WEAK = YES;
				CLANG_WARN_BLOCK_CAPTURE_AUTORELEASING = YES;
				CLANG_WARN_BOOL_CONVERSION = YES;
				CLANG_WARN_COMMA = YES;
				CLANG_WARN_CONSTANT_CONVERSION = YES;
				CLANG_WARN_DEPRECATED_OBJC_IMPLEMENTATIONS = YES;
				CLANG_WARN_DIRECT_OBJC_ISA_USAGE = YES_ERROR;
				CLANG_WARN_DOCUMENTATION_COMMENTS = YES;
				CLANG_WARN_EMPTY_BODY = YES;
				CLANG_WARN_ENUM_CONVERSION = YES;
				CLANG_WARN_INFINITE_RECURSION = YES;
				CLANG_WARN_INT_CONVERSION = YES;
				CLANG_WARN_NON_LITERAL_NULL_CONVERSION = YES;
				CLANG_WARN_OBJC_IMPLICIT_RETAIN_SELF = YES;
				CLANG_WARN_OBJC_LITERAL_CONVERSION = YES;
				CLANG_WARN_OBJC_ROOT_CLASS = YES_ERROR;
				CLANG_WARN_QUOTED_INCLUDE_IN_FRAMEWORK_HEADER = YES;
				CLANG_WARN_RANGE_LOOP_ANALYSIS = YES;
				CLANG_WARN_STRICT_PROTOTYPES = YES;
				CLANG_WARN_SUSPICIOUS_MOVE = YES;
				CLANG_WARN_UNGUARDED_AVAILABILITY = YES_AGGRESSIVE;
				CLANG_WARN_UNREACHABLE_CODE = YES;
				CLANG_WARN__DUPLICATE_METHOD_MATCH = YES;
				COPY_PHASE_STRIP = NO;
				DEBUG_INFORMATION_FORMAT = "dwarf-with-dsym";
				ENABLE_NS_ASSERTIONS = NO;
				ENABLE_STRICT_OBJC_MSGSEND = YES;
				ENABLE_USER_SCRIPT_SANDBOXING = YES;
				GCC_C_LANGUAGE_STANDARD = gnu17;
				GCC_NO_COMMON_BLOCKS = YES;
				GCC_WARN_64_TO_32_BIT_CONVERSION = YES;
				GCC_WARN_ABOUT_RETURN_TYPE = YES_ERROR;
				GCC_WARN_UNDECLARED_SELECTOR = YES;
				GCC_WARN_UNINITIALIZED_AUTOS = YES_AGGRESSIVE;
				GCC_WARN_UNUSED_FUNCTION = YES;
				GCC_WARN_UNUSED_VARIABLE = YES;
				IPHONEOS_DEPLOYMENT_TARGET = 18.2;
				LOCALIZATION_PREFERS_STRING_CATALOGS = YES;
				MTL_ENABLE_DEBUG_INFO = NO;
				MTL_FAST_MATH = YES;
				SDKROOT = iphoneos;
				SWIFT_COMPILATION_MODE = wholemodule;
				VALIDATE_PRODUCT = YES;
			};
			name = Release;
		};
		D112CA042D8A7ECC008FC6CC /* Debug */ = {
			isa = XCBuildConfiguration;
			buildSettings = {
				ASSETCATALOG_COMPILER_APPICON_NAME = AppIcon;
				ASSETCATALOG_COMPILER_GLOBAL_ACCENT_COLOR_NAME = AccentColor;
				CODE_SIGN_STYLE = Automatic;
				CURRENT_PROJECT_VERSION = 1;
				DEVELOPMENT_ASSET_PATHS = "\"test_stack/Preview Content\"";
				DEVELOPMENT_TEAM = 8XGXXH9UFP;
				ENABLE_PREVIEWS = YES;
				GENERATE_INFOPLIST_FILE = YES;
				INFOPLIST_KEY_UIApplicationSceneManifest_Generation = YES;
				INFOPLIST_KEY_UIApplicationSupportsIndirectInputEvents = YES;
				INFOPLIST_KEY_UILaunchScreen_Generation = YES;
				INFOPLIST_KEY_UISupportedInterfaceOrientations_iPad = "UIInterfaceOrientationPortrait UIInterfaceOrientationPortraitUpsideDown UIInterfaceOrientationLandscapeLeft UIInterfaceOrientationLandscapeRight";
				INFOPLIST_KEY_UISupportedInterfaceOrientations_iPhone = "UIInterfaceOrientationPortrait UIInterfaceOrientationLandscapeLeft UIInterfaceOrientationLandscapeRight";
				IPHONEOS_DEPLOYMENT_TARGET = 16;
				LD_RUNPATH_SEARCH_PATHS = (
					"$(inherited)",
					"@executable_path/Frameworks",
				);
				MARKETING_VERSION = 1.0;
				PRODUCT_BUNDLE_IDENTIFIER = "com.myyshop.test-stack";
				PRODUCT_NAME = "$(TARGET_NAME)";
				SWIFT_EMIT_LOC_STRINGS = YES;
				SWIFT_VERSION = 5.0;
				TARGETED_DEVICE_FAMILY = "1,2";
			};
			name = Debug;
		};
		D112CA052D8A7ECC008FC6CC /* Release */ = {
			isa = XCBuildConfiguration;
			buildSettings = {
				ASSETCATALOG_COMPILER_APPICON_NAME = AppIcon;
				ASSETCATALOG_COMPILER_GLOBAL_ACCENT_COLOR_NAME = AccentColor;
				CODE_SIGN_STYLE = Automatic;
				CURRENT_PROJECT_VERSION = 1;
				DEVELOPMENT_ASSET_PATHS = "\"test_stack/Preview Content\"";
				DEVELOPMENT_TEAM = 8XGXXH9UFP;
				ENABLE_PREVIEWS = YES;
				GENERATE_INFOPLIST_FILE = YES;
				INFOPLIST_KEY_UIApplicationSceneManifest_Generation = YES;
				INFOPLIST_KEY_UIApplicationSupportsIndirectInputEvents = YES;
				INFOPLIST_KEY_UILaunchScreen_Generation = YES;
				INFOPLIST_KEY_UISupportedInterfaceOrientations_iPad = "UIInterfaceOrientationPortrait UIInterfaceOrientationPortraitUpsideDown UIInterfaceOrientationLandscapeLeft UIInterfaceOrientationLandscapeRight";
				INFOPLIST_KEY_UISupportedInterfaceOrientations_iPhone = "UIInterfaceOrientationPortrait UIInterfaceOrientationLandscapeLeft UIInterfaceOrientationLandscapeRight";
				IPHONEOS_DEPLOYMENT_TARGET = 16;
				LD_RUNPATH_SEARCH_PATHS = (
					"$(inherited)",
					"@executable_path/Frameworks",
				);
				MARKETING_VERSION = 1.0;
				PRODUCT_BUNDLE_IDENTIFIER = "com.myyshop.test-stack";
				PRODUCT_NAME = "$(TARGET_NAME)";
				SWIFT_EMIT_LOC_STRINGS = YES;
				SWIFT_VERSION = 5.0;
				TARGETED_DEVICE_FAMILY = "1,2";
			};
			name = Release;
		};
		D112CA072D8A7ECC008FC6CC /* Debug */ = {
			isa = XCBuildConfiguration;
			buildSettings = {
				BUNDLE_LOADER = "$(TEST_HOST)";
				CODE_SIGN_STYLE = Automatic;
				CURRENT_PROJECT_VERSION = 1;
				DEVELOPMENT_TEAM = Y6JSS497T9;
				GENERATE_INFOPLIST_FILE = YES;
				IPHONEOS_DEPLOYMENT_TARGET = 18.2;
				MARKETING_VERSION = 1.0;
				PRODUCT_BUNDLE_IDENTIFIER = "com.myyshop.test-stackTests";
				PRODUCT_NAME = "$(TARGET_NAME)";
				SWIFT_EMIT_LOC_STRINGS = NO;
				SWIFT_VERSION = 5.0;
				TARGETED_DEVICE_FAMILY = "1,2";
				TEST_HOST = "$(BUILT_PRODUCTS_DIR)/test_stack.app/$(BUNDLE_EXECUTABLE_FOLDER_PATH)/test_stack";
			};
			name = Debug;
		};
		D112CA082D8A7ECC008FC6CC /* Release */ = {
			isa = XCBuildConfiguration;
			buildSettings = {
				BUNDLE_LOADER = "$(TEST_HOST)";
				CODE_SIGN_STYLE = Automatic;
				CURRENT_PROJECT_VERSION = 1;
				DEVELOPMENT_TEAM = Y6JSS497T9;
				GENERATE_INFOPLIST_FILE = YES;
				IPHONEOS_DEPLOYMENT_TARGET = 18.2;
				MARKETING_VERSION = 1.0;
				PRODUCT_BUNDLE_IDENTIFIER = "com.myyshop.test-stackTests";
				PRODUCT_NAME = "$(TARGET_NAME)";
				SWIFT_EMIT_LOC_STRINGS = NO;
				SWIFT_VERSION = 5.0;
				TARGETED_DEVICE_FAMILY = "1,2";
				TEST_HOST = "$(BUILT_PRODUCTS_DIR)/test_stack.app/$(BUNDLE_EXECUTABLE_FOLDER_PATH)/test_stack";
			};
			name = Release;
		};
		D112CA0A2D8A7ECC008FC6CC /* Debug */ = {
			isa = XCBuildConfiguration;
			buildSettings = {
				CODE_SIGN_STYLE = Automatic;
				CURRENT_PROJECT_VERSION = 1;
				DEVELOPMENT_TEAM = Y6JSS497T9;
				GENERATE_INFOPLIST_FILE = YES;
				MARKETING_VERSION = 1.0;
				PRODUCT_BUNDLE_IDENTIFIER = "com.myyshop.test-stackUITests";
				PRODUCT_NAME = "$(TARGET_NAME)";
				SWIFT_EMIT_LOC_STRINGS = NO;
				SWIFT_VERSION = 5.0;
				TARGETED_DEVICE_FAMILY = "1,2";
				TEST_TARGET_NAME = test_stack;
			};
			name = Debug;
		};
		D112CA0B2D8A7ECC008FC6CC /* Release */ = {
			isa = XCBuildConfiguration;
			buildSettings = {
				CODE_SIGN_STYLE = Automatic;
				CURRENT_PROJECT_VERSION = 1;
				DEVELOPMENT_TEAM = Y6JSS497T9;
				GENERATE_INFOPLIST_FILE = YES;
				MARKETING_VERSION = 1.0;
				PRODUCT_BUNDLE_IDENTIFIER = "com.myyshop.test-stackUITests";
				PRODUCT_NAME = "$(TARGET_NAME)";
				SWIFT_EMIT_LOC_STRINGS = NO;
				SWIFT_VERSION = 5.0;
				TARGETED_DEVICE_FAMILY = "1,2";
				TEST_TARGET_NAME = test_stack;
			};
			name = Release;
		};
/* End XCBuildConfiguration section */

/* Begin XCConfigurationList section */
		D112C9DA2D8A7EC9008FC6CC /* Build configuration list for PBXProject "test_stack" */ = {
			isa = XCConfigurationList;
			buildConfigurations = (
				D112CA012D8A7ECC008FC6CC /* Debug */,
				D112CA022D8A7ECC008FC6CC /* Release */,
			);
			defaultConfigurationIsVisible = 0;
			defaultConfigurationName = Release;
		};
		D112CA032D8A7ECC008FC6CC /* Build configuration list for PBXNativeTarget "test_stack" */ = {
			isa = XCConfigurationList;
			buildConfigurations = (
				D112CA042D8A7ECC008FC6CC /* Debug */,
				D112CA052D8A7ECC008FC6CC /* Release */,
			);
			defaultConfigurationIsVisible = 0;
			defaultConfigurationName = Release;
		};
		D112CA062D8A7ECC008FC6CC /* Build configuration list for PBXNativeTarget "test_stackTests" */ = {
			isa = XCConfigurationList;
			buildConfigurations = (
				D112CA072D8A7ECC008FC6CC /* Debug */,
				D112CA082D8A7ECC008FC6CC /* Release */,
			);
			defaultConfigurationIsVisible = 0;
			defaultConfigurationName = Release;
		};
		D112CA092D8A7ECC008FC6CC /* Build configuration list for PBXNativeTarget "test_stackUITests" */ = {
			isa = XCConfigurationList;
			buildConfigurations = (
				D112CA0A2D8A7ECC008FC6CC /* Debug */,
				D112CA0B2D8A7ECC008FC6CC /* Release */,
			);
			defaultConfigurationIsVisible = 0;
			defaultConfigurationName = Release;
		};
/* End XCConfigurationList section */

/* Begin XCRemoteSwiftPackageReference section */
		D112CA0C2D8A7F1F008FC6CC /* XCRemoteSwiftPackageReference "swift-composable-architecture" */ = {
			isa = XCRemoteSwiftPackageReference;
			repositoryURL = "https://github.com/pointfreeco/swift-composable-architecture";
			requirement = {
				kind = upToNextMajorVersion;
				minimumVersion = 1.18.0;
			};
		};
/* End XCRemoteSwiftPackageReference section */

/* Begin XCSwiftPackageProductDependency section */
		D112CA0D2D8A7F1F008FC6CC /* ComposableArchitecture */ = {
			isa = XCSwiftPackageProductDependency;
			package = D112CA0C2D8A7F1F008FC6CC /* XCRemoteSwiftPackageReference "swift-composable-architecture" */;
			productName = ComposableArchitecture;
		};
/* End XCSwiftPackageProductDependency section */
	};
	rootObject = D112C9D72D8A7EC9008FC6CC /* Project object */;
}
